<?xml version="1.0" encoding="utf-8"?>
<Project ToolsVersion="4.0" xmlns="http://schemas.microsoft.com/developer/msbuild/2003">
  <ItemGroup>
    <Filter Include="Source Files">
      <UniqueIdentifier>{4FC737F1-C7A5-4376-A066-2A32D752A2FF}</UniqueIdentifier>
      <Extensions>cpp;c;cc;cxx;c++;cppm;ixx;def;odl;idl;hpj;bat;asm;asmx</Extensions>
    </Filter>
    <Filter Include="Header Files">
      <UniqueIdentifier>{93995380-89BD-4b04-88EB-625FBE52EBFB}</UniqueIdentifier>
      <Extensions>h;hh;hpp;hxx;h++;hm;inl;inc;ipp;xsd</Extensions>
    </Filter>
    <Filter Include="Resource Files">
      <UniqueIdentifier>{67DA6AB6-F800-4c08-8B7A-83BB121AAD01}</UniqueIdentifier>
      <Extensions>rc;ico;cur;bmp;dlg;rc2;rct;bin;rgs;gif;jpg;jpeg;jpe;resx;tiff;tif;png;wav;mfcribbon-ms</Extensions>
    </Filter>
    <Filter Include="Source Files\shaders">
      <UniqueIdentifier>{ffcb3ddd-6922-446e-adca-da7e608bb7c1}</UniqueIdentifier>
    </Filter>
    <Filter Include="Source Files\managers">
      <UniqueIdentifier>{273acc06-19b4-4cf2-bf19-18e5138a2b42}</UniqueIdentifier>
    </Filter>
    <Filter Include="Header Files\managers">
      <UniqueIdentifier>{72c5110a-50d3-406f-8e93-2877c785e369}</UniqueIdentifier>
    </Filter>
  </ItemGroup>
  <ItemGroup>
    <ClCompile Include="main.cpp">
      <Filter>Source Files</Filter>
    </ClCompile>
    <ClCompile Include="shader.cpp">
      <Filter>Source Files</Filter>
    </ClCompile>
    <ClCompile Include="model.cpp">
      <Filter>Source Files</Filter>
    </ClCompile>
    <ClCompile Include="mesh.cpp">
      <Filter>Source Files</Filter>
    </ClCompile>
    <ClCompile Include="camera.cpp">
      <Filter>Source Files</Filter>
    </ClCompile>
    <ClCompile Include="FEM.cpp">
      <Filter>Source Files</Filter>
    </ClCompile>
    <ClCompile Include="general_manager.cpp">
      <Filter>Source Files\managers</Filter>
    </ClCompile>
    <ClCompile Include="graphics_manager.cpp">
      <Filter>Source Files\managers</Filter>
    </ClCompile>
    <ClCompile Include="simulation_manager.cpp">
      <Filter>Source Files\managers</Filter>
    </ClCompile>
    <ClCompile Include="material_manager.cpp">
      <Filter>Source Files\managers</Filter>
    </ClCompile>
    <ClCompile Include="joint_manager.cpp">
      <Filter>Source Files</Filter>
    </ClCompile>
    <ClCompile Include="bar_manager.cpp">
      <Filter>Source Files</Filter>
    </ClCompile>
    <ClCompile Include="sprite_renderer.cpp">
      <Filter>Source Files</Filter>
    </ClCompile>
    <ClCompile Include="texture.cpp">
      <Filter>Source Files</Filter>
    </ClCompile>
    <ClCompile Include="..\..\..\resources\source\glad.c">
      <Filter>Resource Files</Filter>
    </ClCompile>
  </ItemGroup>
  <ItemGroup>
    <ClInclude Include="shader.h">
      <Filter>Header Files</Filter>
    </ClInclude>
    <ClInclude Include="model.h">
      <Filter>Header Files</Filter>
    </ClInclude>
    <ClInclude Include="mesh.h">
      <Filter>Header Files</Filter>
    </ClInclude>
    <ClInclude Include="camera.h">
      <Filter>Header Files</Filter>
    </ClInclude>
    <ClInclude Include="FEM.h">
      <Filter>Header Files</Filter>
    </ClInclude>
    <ClInclude Include="general_manager.h">
      <Filter>Header Files\managers</Filter>
    </ClInclude>
    <ClInclude Include="graphics_manager.h">
      <Filter>Header Files\managers</Filter>
    </ClInclude>
    <ClInclude Include="material_manager.h">
      <Filter>Header Files\managers</Filter>
    </ClInclude>
    <ClInclude Include="simulation_manager.h">
      <Filter>Header Files\managers</Filter>
    </ClInclude>
    <ClInclude Include="joint_manager.h">
      <Filter>Header Files</Filter>
    </ClInclude>
    <ClInclude Include="bar_manager.h">
      <Filter>Header Files</Filter>
    </ClInclude>
    <ClInclude Include="sprite_renderer.h">
      <Filter>Header Files</Filter>
    </ClInclude>
    <ClInclude Include="texture.h">
      <Filter>Header Files</Filter>
    </ClInclude>
  </ItemGroup>
  <ItemGroup>
    <None Include="circle.vs">
      <Filter>Source Files\shaders</Filter>
    </None>
    <None Include="circle.fs">
      <Filter>Source Files\shaders</Filter>
    </None>
    <None Include="beam.vs">
      <Filter>Source Files\shaders</Filter>
    </None>
    <None Include="beam.fs">
      <Filter>Source Files\shaders</Filter>
    </None>
    <None Include="model_shader.vs">
      <Filter>Source Files\shaders</Filter>
    </None>
    <None Include="model_shader.fs">
      <Filter>Source Files\shaders</Filter>
    </None>
    <None Include="sprite_shader.vs">
      <Filter>Source Files\shaders</Filter>
    </None>
    <None Include="sprite_shader.fs">
      <Filter>Source Files\shaders</Filter>
    </None>
  </ItemGroup>
</Project>